
Microsoft Visual Studio Solution File, Format Version 12.00
# Visual Studio 14
VisualStudioVersion = 14.0.25420.1
MinimumVisualStudioVersion = 10.0.40219.1
Project("{FAE04EC0-301F-11D3-BF4B-00C04F79EFBC}") = "GUI", "Quan Ly Khach San\GUI.csproj", "{DE6C605E-E526-4CC2-B731-1881854A946D}"
EndProject
Project("{FAE04EC0-301F-11D3-BF4B-00C04F79EFBC}") = "DAL", "DAO\DAL.csproj", "{4EC8DB8E-4FEF-4BB5-8D86-953241940301}"
EndProject
Project("{FAE04EC0-301F-11D3-BF4B-00C04F79EFBC}") = "DTO", "DTO\DTO.csproj", "{7E84FE20-66AD-4D9C-9389-922764CFBB17}"
EndProject
Project("{FAE04EC0-301F-11D3-BF4B-00C04F79EFBC}") = "BUS", "BUS\BUS.csproj", "{EF6E8144-7826-4E03-A417-FF24DAA33961}"
EndProject
Global
	GlobalSection(SolutionConfigurationPlatforms) = preSolution
		Debug|Any CPU = Debug|Any CPU
		Release|Any CPU = Release|Any CPU
	EndGlobalSection
	GlobalSection(ProjectConfigurationPlatforms) = postSolution
		{DE6C605E-E526-4CC2-B731-1881854A946D}.Debug|Any CPU.ActiveCfg = Debug|Any CPU
		{DE6C605E-E526-4CC2-B731-1881854A946D}.Debug|Any CPU.Build.0 = Debug|Any CPU
		{DE6C605E-E526-4CC2-B731-1881854A946D}.Release|Any CPU.ActiveCfg = Release|Any CPU
		{DE6C605E-E526-4CC2-B731-1881854A946D}.Release|Any CPU.Build.0 = Release|Any CPU
		{4EC8DB8E-4FEF-4BB5-8D86-953241940301}.Debug|Any CPU.ActiveCfg = Debug|Any CPU
		{4EC8DB8E-4FEF-4BB5-8D86-953241940301}.Debug|Any CPU.Build.0 = Debug|Any CPU
		{4EC8DB8E-4FEF-4BB5-8D86-953241940301}.Release|Any CPU.ActiveCfg = Release|Any CPU
		{4EC8DB8E-4FEF-4BB5-8D86-953241940301}.Release|Any CPU.Build.0 = Release|Any CPU
		{7E84FE20-66AD-4D9C-9389-922764CFBB17}.Debug|Any CPU.ActiveCfg = Debug|Any CPU
		{7E84FE20-66AD-4D9C-9389-922764CFBB17}.Debug|Any CPU.Build.0 = Debug|Any CPU
		{7E84FE20-66AD-4D9C-9389-922764CFBB17}.Release|Any CPU.ActiveCfg = Release|Any CPU
		{7E84FE20-66AD-4D9C-9389-922764CFBB17}.Release|Any CPU.Build.0 = Release|Any CPU
		{EF6E8144-7826-4E03-A417-FF24DAA33961}.Debug|Any CPU.ActiveCfg = Debug|Any CPU
		{EF6E8144-7826-4E03-A417-FF24DAA33961}.Debug|Any CPU.Build.0 = Debug|Any CPU
		{EF6E8144-7826-4E03-A417-FF24DAA33961}.Release|Any CPU.ActiveCfg = Release|Any CPU
		{EF6E8144-7826-4E03-A417-FF24DAA33961}.Release|Any CPU.Build.0 = Release|Any CPU
	EndGlobalSection
	GlobalSection(SolutionProperties) = preSolution
		HideSolutionNode = FALSE
	EndGlobalSection
EndGlobal
